// !$*UTF8*$!
{
	archiveVersion = 1;
	classes = {
	};
	objectVersion = 55;
	objects = {

/* Begin PBXBuildFile section */
		05B009972990F69C008E622E /* Constants.swift in Sources */ = {isa = PBXBuildFile; fileRef = 05B009962990F69C008E622E /* Constants.swift */; };
		05B0099A2990F6CE008E622E /* Images.xcassets in Resources */ = {isa = PBXBuildFile; fileRef = 05B009992990F6CE008E622E /* Images.xcassets */; };
		05B0099C2990F801008E622E /* OpenSans-Light.ttf in Resources */ = {isa = PBXBuildFile; fileRef = 05B0099B2990F801008E622E /* OpenSans-Light.ttf */; };
		05B0099E2990F889008E622E /* OpenSans-SemiBold.ttf in Resources */ = {isa = PBXBuildFile; fileRef = 05B0099D2990F889008E622E /* OpenSans-SemiBold.ttf */; };
		05B009A02990F8A4008E622E /* OpenSans-Regular.ttf in Resources */ = {isa = PBXBuildFile; fileRef = 05B0099F2990F8A4008E622E /* OpenSans-Regular.ttf */; };
		05B009A22990F8E3008E622E /* Raleway-Light.ttf in Resources */ = {isa = PBXBuildFile; fileRef = 05B009A12990F8E3008E622E /* Raleway-Light.ttf */; };
		05B009A42990FD66008E622E /* OpenSans-Italic.ttf in Resources */ = {isa = PBXBuildFile; fileRef = 05B009A32990FD66008E622E /* OpenSans-Italic.ttf */; };
		05B009A72990FDE8008E622E /* Colors.xcassets in Resources */ = {isa = PBXBuildFile; fileRef = 05B009A62990FDE8008E622E /* Colors.xcassets */; };
		05B009AB299100E6008E622E /* RouterProtocol.swift in Sources */ = {isa = PBXBuildFile; fileRef = 05B009AA299100E6008E622E /* RouterProtocol.swift */; };
		05B009AD299100FF008E622E /* ModalTransition.swift in Sources */ = {isa = PBXBuildFile; fileRef = 05B009AC299100FF008E622E /* ModalTransition.swift */; };
		05B009AF29910114008E622E /* EmptyTransition.swift in Sources */ = {isa = PBXBuildFile; fileRef = 05B009AE29910114008E622E /* EmptyTransition.swift */; };
		05B009B12991012D008E622E /* PushTransition.swift in Sources */ = {isa = PBXBuildFile; fileRef = 05B009B02991012D008E622E /* PushTransition.swift */; };
		05B009B32991014F008E622E /* MainRouter.swift in Sources */ = {isa = PBXBuildFile; fileRef = 05B009B22991014F008E622E /* MainRouter.swift */; };
		05B009B5299101A8008E622E /* TransitionProtocol.swift in Sources */ = {isa = PBXBuildFile; fileRef = 05B009B4299101A8008E622E /* TransitionProtocol.swift */; };
		05B009B829910353008E622E /* NewsFeedVC.swift in Sources */ = {isa = PBXBuildFile; fileRef = 05B009B729910353008E622E /* NewsFeedVC.swift */; };
		05B009BA29910367008E622E /* NewsFeedViewModel.swift in Sources */ = {isa = PBXBuildFile; fileRef = 05B009B929910367008E622E /* NewsFeedViewModel.swift */; };
		05B009BC29910378008E622E /* NewsFeedRoute.swift in Sources */ = {isa = PBXBuildFile; fileRef = 05B009BB29910378008E622E /* NewsFeedRoute.swift */; };
		05B009C0299119F0008E622E /* CustomCell.swift in Sources */ = {isa = PBXBuildFile; fileRef = 05B009BF299119EF008E622E /* CustomCell.swift */; };
		05B009C629925F4F008E622E /* SideMenuProtocol.swift in Sources */ = {isa = PBXBuildFile; fileRef = 05B009C529925F4E008E622E /* SideMenuProtocol.swift */; };
		05B009C829926A02008E622E /* SubscriptionVC.swift in Sources */ = {isa = PBXBuildFile; fileRef = 05B009C729926A02008E622E /* SubscriptionVC.swift */; };
		05B009CA29926A10008E622E /* LaterNewsVC.swift in Sources */ = {isa = PBXBuildFile; fileRef = 05B009C929926A10008E622E /* LaterNewsVC.swift */; };
		05B009CC29926A20008E622E /* FavoriteNewsVC.swift in Sources */ = {isa = PBXBuildFile; fileRef = 05B009CB29926A20008E622E /* FavoriteNewsVC.swift */; };
		05B009CE29926A98008E622E /* ContainerVC.swift in Sources */ = {isa = PBXBuildFile; fileRef = 05B009CD29926A98008E622E /* ContainerVC.swift */; };
		05B009D029936FEC008E622E /* FavoriteNewsViewModel.swift in Sources */ = {isa = PBXBuildFile; fileRef = 05B009CF29936FEC008E622E /* FavoriteNewsViewModel.swift */; };
		05B009D229936FFA008E622E /* FavoriteNewsRoute.swift in Sources */ = {isa = PBXBuildFile; fileRef = 05B009D129936FFA008E622E /* FavoriteNewsRoute.swift */; };
		05B009D429937708008E622E /* HeaderColletionView.swift in Sources */ = {isa = PBXBuildFile; fileRef = 05B009D329937708008E622E /* HeaderColletionView.swift */; };
		05B009D629939766008E622E /* NewsVCProtocol.swift in Sources */ = {isa = PBXBuildFile; fileRef = 05B009D529939766008E622E /* NewsVCProtocol.swift */; };
		05B009DA29939D8A008E622E /* LaterNewsViewModel.swift in Sources */ = {isa = PBXBuildFile; fileRef = 05B009D929939D8A008E622E /* LaterNewsViewModel.swift */; };
		05B009DC29939D9A008E622E /* LaterNewsRoute.swift in Sources */ = {isa = PBXBuildFile; fileRef = 05B009DB29939D9A008E622E /* LaterNewsRoute.swift */; };
		05B009DF2993BC46008E622E /* NavigationBarTitle+extension.swift in Sources */ = {isa = PBXBuildFile; fileRef = 05B009DE2993BC45008E622E /* NavigationBarTitle+extension.swift */; };
		05B009E22993C17E008E622E /* NewsModel.swift in Sources */ = {isa = PBXBuildFile; fileRef = 05B009E12993C17E008E622E /* NewsModel.swift */; };
		05B009E52993C5CF008E622E /* APIcallers.swift in Sources */ = {isa = PBXBuildFile; fileRef = 05B009E42993C5CF008E622E /* APIcallers.swift */; };
		05B009E72994E367008E622E /* ColletionViewCellTappedProtocol.swift in Sources */ = {isa = PBXBuildFile; fileRef = 05B009E62994E366008E622E /* ColletionViewCellTappedProtocol.swift */; };
		05CBC55C286722E400381BEF /* AppDelegate.swift in Sources */ = {isa = PBXBuildFile; fileRef = 05CBC55B286722E400381BEF /* AppDelegate.swift */; };
		05CBC55E286722E400381BEF /* SceneDelegate.swift in Sources */ = {isa = PBXBuildFile; fileRef = 05CBC55D286722E400381BEF /* SceneDelegate.swift */; };
		05CBC560286722E400381BEF /* ViewController.swift in Sources */ = {isa = PBXBuildFile; fileRef = 05CBC55F286722E400381BEF /* ViewController.swift */; };
		05CBC563286722E400381BEF /* Main.storyboard in Resources */ = {isa = PBXBuildFile; fileRef = 05CBC561286722E400381BEF /* Main.storyboard */; };
		05CBC565286722E800381BEF /* Assets.xcassets in Resources */ = {isa = PBXBuildFile; fileRef = 05CBC564286722E800381BEF /* Assets.xcassets */; };
		05CBC568286722E800381BEF /* LaunchScreen.storyboard in Resources */ = {isa = PBXBuildFile; fileRef = 05CBC566286722E800381BEF /* LaunchScreen.storyboard */; };
		A11EC4745FA7E30059E5989B /* Pods_RSS.framework in Frameworks */ = {isa = PBXBuildFile; fileRef = 49453D8235C7A9EBB595CE0B /* Pods_RSS.framework */; };
/* End PBXBuildFile section */

/* Begin PBXFileReference section */
		05B009962990F69C008E622E /* Constants.swift */ = {isa = PBXFileReference; lastKnownFileType = sourcecode.swift; path = Constants.swift; sourceTree = "<group>"; };
		05B009992990F6CE008E622E /* Images.xcassets */ = {isa = PBXFileReference; lastKnownFileType = folder.assetcatalog; path = Images.xcassets; sourceTree = "<group>"; };
		05B0099B2990F801008E622E /* OpenSans-Light.ttf */ = {isa = PBXFileReference; lastKnownFileType = file; path = "OpenSans-Light.ttf"; sourceTree = "<group>"; };
		05B0099D2990F889008E622E /* OpenSans-SemiBold.ttf */ = {isa = PBXFileReference; lastKnownFileType = file; path = "OpenSans-SemiBold.ttf"; sourceTree = "<group>"; };
		05B0099F2990F8A4008E622E /* OpenSans-Regular.ttf */ = {isa = PBXFileReference; lastKnownFileType = file; path = "OpenSans-Regular.ttf"; sourceTree = "<group>"; };
		05B009A12990F8E3008E622E /* Raleway-Light.ttf */ = {isa = PBXFileReference; lastKnownFileType = file; path = "Raleway-Light.ttf"; sourceTree = "<group>"; };
		05B009A32990FD66008E622E /* OpenSans-Italic.ttf */ = {isa = PBXFileReference; lastKnownFileType = file; path = "OpenSans-Italic.ttf"; sourceTree = "<group>"; };
		05B009A62990FDE8008E622E /* Colors.xcassets */ = {isa = PBXFileReference; lastKnownFileType = folder.assetcatalog; path = Colors.xcassets; sourceTree = "<group>"; };
		05B009AA299100E6008E622E /* RouterProtocol.swift */ = {isa = PBXFileReference; lastKnownFileType = sourcecode.swift; path = RouterProtocol.swift; sourceTree = "<group>"; };
		05B009AC299100FF008E622E /* ModalTransition.swift */ = {isa = PBXFileReference; lastKnownFileType = sourcecode.swift; path = ModalTransition.swift; sourceTree = "<group>"; };
		05B009AE29910114008E622E /* EmptyTransition.swift */ = {isa = PBXFileReference; lastKnownFileType = sourcecode.swift; path = EmptyTransition.swift; sourceTree = "<group>"; };
		05B009B02991012D008E622E /* PushTransition.swift */ = {isa = PBXFileReference; lastKnownFileType = sourcecode.swift; path = PushTransition.swift; sourceTree = "<group>"; };
		05B009B22991014F008E622E /* MainRouter.swift */ = {isa = PBXFileReference; lastKnownFileType = sourcecode.swift; path = MainRouter.swift; sourceTree = "<group>"; };
		05B009B4299101A8008E622E /* TransitionProtocol.swift */ = {isa = PBXFileReference; lastKnownFileType = sourcecode.swift; path = TransitionProtocol.swift; sourceTree = "<group>"; };
		05B009B729910353008E622E /* NewsFeedVC.swift */ = {isa = PBXFileReference; lastKnownFileType = sourcecode.swift; path = NewsFeedVC.swift; sourceTree = "<group>"; };
		05B009B929910367008E622E /* NewsFeedViewModel.swift */ = {isa = PBXFileReference; lastKnownFileType = sourcecode.swift; path = NewsFeedViewModel.swift; sourceTree = "<group>"; };
		05B009BB29910378008E622E /* NewsFeedRoute.swift */ = {isa = PBXFileReference; lastKnownFileType = sourcecode.swift; path = NewsFeedRoute.swift; sourceTree = "<group>"; };
		05B009BF299119EF008E622E /* CustomCell.swift */ = {isa = PBXFileReference; lastKnownFileType = sourcecode.swift; path = CustomCell.swift; sourceTree = "<group>"; };
		05B009C529925F4E008E622E /* SideMenuProtocol.swift */ = {isa = PBXFileReference; lastKnownFileType = sourcecode.swift; path = SideMenuProtocol.swift; sourceTree = "<group>"; };
		05B009C729926A02008E622E /* SubscriptionVC.swift */ = {isa = PBXFileReference; lastKnownFileType = sourcecode.swift; path = SubscriptionVC.swift; sourceTree = "<group>"; };
		05B009C929926A10008E622E /* LaterNewsVC.swift */ = {isa = PBXFileReference; lastKnownFileType = sourcecode.swift; path = LaterNewsVC.swift; sourceTree = "<group>"; };
		05B009CB29926A20008E622E /* FavoriteNewsVC.swift */ = {isa = PBXFileReference; lastKnownFileType = sourcecode.swift; name = FavoriteNewsVC.swift; path = RSS/LaterNews/FavoriteNewsVC.swift; sourceTree = SOURCE_ROOT; };
		05B009CD29926A98008E622E /* ContainerVC.swift */ = {isa = PBXFileReference; lastKnownFileType = sourcecode.swift; path = ContainerVC.swift; sourceTree = "<group>"; };
		05B009CF29936FEC008E622E /* FavoriteNewsViewModel.swift */ = {isa = PBXFileReference; lastKnownFileType = sourcecode.swift; path = FavoriteNewsViewModel.swift; sourceTree = "<group>"; };
		05B009D129936FFA008E622E /* FavoriteNewsRoute.swift */ = {isa = PBXFileReference; lastKnownFileType = sourcecode.swift; path = FavoriteNewsRoute.swift; sourceTree = "<group>"; };
		05B009D329937708008E622E /* HeaderColletionView.swift */ = {isa = PBXFileReference; lastKnownFileType = sourcecode.swift; path = HeaderColletionView.swift; sourceTree = "<group>"; };
		05B009D529939766008E622E /* NewsVCProtocol.swift */ = {isa = PBXFileReference; lastKnownFileType = sourcecode.swift; path = NewsVCProtocol.swift; sourceTree = "<group>"; };
		05B009D929939D8A008E622E /* LaterNewsViewModel.swift */ = {isa = PBXFileReference; lastKnownFileType = sourcecode.swift; path = LaterNewsViewModel.swift; sourceTree = "<group>"; };
		05B009DB29939D9A008E622E /* LaterNewsRoute.swift */ = {isa = PBXFileReference; lastKnownFileType = sourcecode.swift; path = LaterNewsRoute.swift; sourceTree = "<group>"; };
		05B009DE2993BC45008E622E /* NavigationBarTitle+extension.swift */ = {isa = PBXFileReference; lastKnownFileType = sourcecode.swift; path = "NavigationBarTitle+extension.swift"; sourceTree = "<group>"; };
		05B009E12993C17E008E622E /* NewsModel.swift */ = {isa = PBXFileReference; lastKnownFileType = sourcecode.swift; path = NewsModel.swift; sourceTree = "<group>"; };
		05B009E42993C5CF008E622E /* APIcallers.swift */ = {isa = PBXFileReference; lastKnownFileType = sourcecode.swift; path = APIcallers.swift; sourceTree = "<group>"; };
		05B009E62994E366008E622E /* ColletionViewCellTappedProtocol.swift */ = {isa = PBXFileReference; lastKnownFileType = sourcecode.swift; path = ColletionViewCellTappedProtocol.swift; sourceTree = "<group>"; };
		05CBC558286722E400381BEF /* RSS.app */ = {isa = PBXFileReference; explicitFileType = wrapper.application; includeInIndex = 0; path = RSS.app; sourceTree = BUILT_PRODUCTS_DIR; };
		05CBC55B286722E400381BEF /* AppDelegate.swift */ = {isa = PBXFileReference; lastKnownFileType = sourcecode.swift; path = AppDelegate.swift; sourceTree = "<group>"; };
		05CBC55D286722E400381BEF /* SceneDelegate.swift */ = {isa = PBXFileReference; lastKnownFileType = sourcecode.swift; path = SceneDelegate.swift; sourceTree = "<group>"; };
		05CBC55F286722E400381BEF /* ViewController.swift */ = {isa = PBXFileReference; lastKnownFileType = sourcecode.swift; path = ViewController.swift; sourceTree = "<group>"; };
		05CBC562286722E400381BEF /* Base */ = {isa = PBXFileReference; lastKnownFileType = file.storyboard; name = Base; path = Base.lproj/Main.storyboard; sourceTree = "<group>"; };
		05CBC564286722E800381BEF /* Assets.xcassets */ = {isa = PBXFileReference; lastKnownFileType = folder.assetcatalog; path = Assets.xcassets; sourceTree = "<group>"; };
		05CBC567286722E800381BEF /* Base */ = {isa = PBXFileReference; lastKnownFileType = file.storyboard; name = Base; path = Base.lproj/LaunchScreen.storyboard; sourceTree = "<group>"; };
		05CBC569286722E800381BEF /* Info.plist */ = {isa = PBXFileReference; lastKnownFileType = text.plist.xml; path = Info.plist; sourceTree = "<group>"; };
		0F3906B68ADE7363E36F0892 /* Pods-RSS.release.xcconfig */ = {isa = PBXFileReference; includeInIndex = 1; lastKnownFileType = text.xcconfig; name = "Pods-RSS.release.xcconfig"; path = "Target Support Files/Pods-RSS/Pods-RSS.release.xcconfig"; sourceTree = "<group>"; };
		350437AB9B463612B1EA472A /* Pods-RSS.debug.xcconfig */ = {isa = PBXFileReference; includeInIndex = 1; lastKnownFileType = text.xcconfig; name = "Pods-RSS.debug.xcconfig"; path = "Target Support Files/Pods-RSS/Pods-RSS.debug.xcconfig"; sourceTree = "<group>"; };
		49453D8235C7A9EBB595CE0B /* Pods_RSS.framework */ = {isa = PBXFileReference; explicitFileType = wrapper.framework; includeInIndex = 0; path = Pods_RSS.framework; sourceTree = BUILT_PRODUCTS_DIR; };
/* End PBXFileReference section */

/* Begin PBXFrameworksBuildPhase section */
		05CBC555286722E400381BEF /* Frameworks */ = {
			isa = PBXFrameworksBuildPhase;
			buildActionMask = 2147483647;
			files = (
				A11EC4745FA7E30059E5989B /* Pods_RSS.framework in Frameworks */,
			);
			runOnlyForDeploymentPostprocessing = 0;
		};
/* End PBXFrameworksBuildPhase section */

/* Begin PBXGroup section */
		05B009942990F675008E622E /* Assets */ = {
			isa = PBXGroup;
			children = (
				05B009A52990FDD4008E622E /* Colors */,
				05B009982990F6B6008E622E /* Images */,
				05B009952990F687008E622E /* Fonts */,
				05B009962990F69C008E622E /* Constants.swift */,
			);
			path = Assets;
			sourceTree = "<group>";
		};
		05B009952990F687008E622E /* Fonts */ = {
			isa = PBXGroup;
			children = (
				05B009A32990FD66008E622E /* OpenSans-Italic.ttf */,
				05B009A12990F8E3008E622E /* Raleway-Light.ttf */,
				05B0099F2990F8A4008E622E /* OpenSans-Regular.ttf */,
				05B0099D2990F889008E622E /* OpenSans-SemiBold.ttf */,
				05B0099B2990F801008E622E /* OpenSans-Light.ttf */,
			);
			path = Fonts;
			sourceTree = "<group>";
		};
		05B009982990F6B6008E622E /* Images */ = {
			isa = PBXGroup;
			children = (
				05B009992990F6CE008E622E /* Images.xcassets */,
			);
			path = Images;
			sourceTree = "<group>";
		};
		05B009A52990FDD4008E622E /* Colors */ = {
			isa = PBXGroup;
			children = (
				05B009A62990FDE8008E622E /* Colors.xcassets */,
			);
			path = Colors;
			sourceTree = "<group>";
		};
		05B009A8299100C6008E622E /* Router */ = {
			isa = PBXGroup;
			children = (
				05B009A9299100CE008E622E /* Transitions */,
				05B009AA299100E6008E622E /* RouterProtocol.swift */,
				05B009B22991014F008E622E /* MainRouter.swift */,
			);
			path = Router;
			sourceTree = "<group>";
		};
		05B009A9299100CE008E622E /* Transitions */ = {
			isa = PBXGroup;
			children = (
				05B009AC299100FF008E622E /* ModalTransition.swift */,
				05B009AE29910114008E622E /* EmptyTransition.swift */,
				05B009B02991012D008E622E /* PushTransition.swift */,
				05B009B4299101A8008E622E /* TransitionProtocol.swift */,
			);
			path = Transitions;
			sourceTree = "<group>";
		};
		05B009B629910226008E622E /* NewsFeed */ = {
			isa = PBXGroup;
			children = (
				05B009B729910353008E622E /* NewsFeedVC.swift */,
				05B009B929910367008E622E /* NewsFeedViewModel.swift */,
				05B009BB29910378008E622E /* NewsFeedRoute.swift */,
				05B009CD29926A98008E622E /* ContainerVC.swift */,
			);
			path = NewsFeed;
			sourceTree = "<group>";
		};
		05B009BE299119DD008E622E /* CustomCell */ = {
			isa = PBXGroup;
			children = (
				05B009BF299119EF008E622E /* CustomCell.swift */,
				05B009D329937708008E622E /* HeaderColletionView.swift */,
			);
			path = CustomCell;
			sourceTree = "<group>";
		};
		05B009C129925E1C008E622E /* FavoriteNews */ = {
			isa = PBXGroup;
			children = (
				05B009CB29926A20008E622E /* FavoriteNewsVC.swift */,
				05B009CF29936FEC008E622E /* FavoriteNewsViewModel.swift */,
				05B009D129936FFA008E622E /* FavoriteNewsRoute.swift */,
			);
			path = FavoriteNews;
			sourceTree = "<group>";
		};
		05B009C229925E31008E622E /* LaterNews */ = {
			isa = PBXGroup;
			children = (
				05B009C929926A10008E622E /* LaterNewsVC.swift */,
				05B009D929939D8A008E622E /* LaterNewsViewModel.swift */,
				05B009DB29939D9A008E622E /* LaterNewsRoute.swift */,
			);
			path = LaterNews;
			sourceTree = "<group>";
		};
		05B009C329925E3C008E622E /* SubscriptionsNews */ = {
			isa = PBXGroup;
			children = (
				05B009C729926A02008E622E /* SubscriptionVC.swift */,
			);
			path = SubscriptionsNews;
			sourceTree = "<group>";
		};
		05B009C429925F2D008E622E /* Protocols */ = {
			isa = PBXGroup;
			children = (
				05B009C529925F4E008E622E /* SideMenuProtocol.swift */,
				05B009D529939766008E622E /* NewsVCProtocol.swift */,
				05B009E62994E366008E622E /* ColletionViewCellTappedProtocol.swift */,
			);
			path = Protocols;
			sourceTree = "<group>";
		};
		05B009DD2993BC1B008E622E /* Extensions */ = {
			isa = PBXGroup;
			children = (
				05B009DE2993BC45008E622E /* NavigationBarTitle+extension.swift */,
			);
			path = Extensions;
			sourceTree = "<group>";
		};
		05B009E02993C164008E622E /* Models */ = {
			isa = PBXGroup;
			children = (
				05B009E12993C17E008E622E /* NewsModel.swift */,
			);
			path = Models;
			sourceTree = "<group>";
		};
		05B009E32993C5AF008E622E /* Publishers */ = {
			isa = PBXGroup;
			children = (
				05B009E42993C5CF008E622E /* APIcallers.swift */,
			);
			path = Publishers;
			sourceTree = "<group>";
		};
		05CBC54F286722E400381BEF = {
			isa = PBXGroup;
			children = (
				05CBC55A286722E400381BEF /* RSS */,
				05CBC559286722E400381BEF /* Products */,
				B9F3666CE5FB658A8566D577 /* Pods */,
				0AAD25489AE4855D38D4237E /* Frameworks */,
			);
			sourceTree = "<group>";
		};
		05CBC559286722E400381BEF /* Products */ = {
			isa = PBXGroup;
			children = (
				05CBC558286722E400381BEF /* RSS.app */,
			);
			name = Products;
			sourceTree = "<group>";
		};
		05CBC55A286722E400381BEF /* RSS */ = {
			isa = PBXGroup;
			children = (
				05B009E32993C5AF008E622E /* Publishers */,
				05B009E02993C164008E622E /* Models */,
				05B009DD2993BC1B008E622E /* Extensions */,
				05B009C429925F2D008E622E /* Protocols */,
				05B009C329925E3C008E622E /* SubscriptionsNews */,
				05B009C229925E31008E622E /* LaterNews */,
				05B009C129925E1C008E622E /* FavoriteNews */,
				05B009B629910226008E622E /* NewsFeed */,
				05B009BE299119DD008E622E /* CustomCell */,
				05B009942990F675008E622E /* Assets */,
				05B009A8299100C6008E622E /* Router */,
				05CBC55B286722E400381BEF /* AppDelegate.swift */,
				05CBC55D286722E400381BEF /* SceneDelegate.swift */,
				05CBC55F286722E400381BEF /* ViewController.swift */,
				05CBC561286722E400381BEF /* Main.storyboard */,
				05CBC564286722E800381BEF /* Assets.xcassets */,
				05CBC566286722E800381BEF /* LaunchScreen.storyboard */,
				05CBC569286722E800381BEF /* Info.plist */,
			);
			path = RSS;
			sourceTree = "<group>";
		};
		0AAD25489AE4855D38D4237E /* Frameworks */ = {
			isa = PBXGroup;
			children = (
				49453D8235C7A9EBB595CE0B /* Pods_RSS.framework */,
			);
			name = Frameworks;
			sourceTree = "<group>";
		};
		B9F3666CE5FB658A8566D577 /* Pods */ = {
			isa = PBXGroup;
			children = (
				350437AB9B463612B1EA472A /* Pods-RSS.debug.xcconfig */,
				0F3906B68ADE7363E36F0892 /* Pods-RSS.release.xcconfig */,
			);
			path = Pods;
			sourceTree = "<group>";
		};
/* End PBXGroup section */

/* Begin PBXNativeTarget section */
		05CBC557286722E400381BEF /* RSS */ = {
			isa = PBXNativeTarget;
			buildConfigurationList = 05CBC56C286722E800381BEF /* Build configuration list for PBXNativeTarget "RSS" */;
			buildPhases = (
				E749B9D5615A08F236183E0D /* [CP] Check Pods Manifest.lock */,
				05CBC554286722E400381BEF /* Sources */,
				05CBC555286722E400381BEF /* Frameworks */,
				05CBC556286722E400381BEF /* Resources */,
				8099B44BBFE889D8B9A70AD6 /* [CP] Embed Pods Frameworks */,
			);
			buildRules = (
			);
			dependencies = (
			);
			name = RSS;
			productName = RSS;
			productReference = 05CBC558286722E400381BEF /* RSS.app */;
			productType = "com.apple.product-type.application";
		};
/* End PBXNativeTarget section */

/* Begin PBXProject section */
		05CBC550286722E400381BEF /* Project object */ = {
			isa = PBXProject;
			attributes = {
				BuildIndependentTargetsInParallel = 1;
				LastSwiftUpdateCheck = 1320;
				LastUpgradeCheck = 1320;
				TargetAttributes = {
					05CBC557286722E400381BEF = {
						CreatedOnToolsVersion = 13.2.1;
					};
				};
			};
			buildConfigurationList = 05CBC553286722E400381BEF /* Build configuration list for PBXProject "RSS" */;
			compatibilityVersion = "Xcode 13.0";
			developmentRegion = en;
			hasScannedForEncodings = 0;
			knownRegions = (
				en,
				Base,
			);
			mainGroup = 05CBC54F286722E400381BEF;
			productRefGroup = 05CBC559286722E400381BEF /* Products */;
			projectDirPath = "";
			projectRoot = "";
			targets = (
				05CBC557286722E400381BEF /* RSS */,
			);
		};
/* End PBXProject section */

/* Begin PBXResourcesBuildPhase section */
		05CBC556286722E400381BEF /* Resources */ = {
			isa = PBXResourcesBuildPhase;
			buildActionMask = 2147483647;
			files = (
				05B009A42990FD66008E622E /* OpenSans-Italic.ttf in Resources */,
				05CBC568286722E800381BEF /* LaunchScreen.storyboard in Resources */,
				05B0099A2990F6CE008E622E /* Images.xcassets in Resources */,
				05CBC565286722E800381BEF /* Assets.xcassets in Resources */,
				05B009A02990F8A4008E622E /* OpenSans-Regular.ttf in Resources */,
				05B009A72990FDE8008E622E /* Colors.xcassets in Resources */,
				05B0099C2990F801008E622E /* OpenSans-Light.ttf in Resources */,
				05B0099E2990F889008E622E /* OpenSans-SemiBold.ttf in Resources */,
				05CBC563286722E400381BEF /* Main.storyboard in Resources */,
				05B009A22990F8E3008E622E /* Raleway-Light.ttf in Resources */,
			);
			runOnlyForDeploymentPostprocessing = 0;
		};
/* End PBXResourcesBuildPhase section */

/* Begin PBXShellScriptBuildPhase section */
		8099B44BBFE889D8B9A70AD6 /* [CP] Embed Pods Frameworks */ = {
			isa = PBXShellScriptBuildPhase;
			buildActionMask = 2147483647;
			files = (
			);
			inputFileListPaths = (
				"${PODS_ROOT}/Target Support Files/Pods-RSS/Pods-RSS-frameworks-${CONFIGURATION}-input-files.xcfilelist",
			);
			name = "[CP] Embed Pods Frameworks";
			outputFileListPaths = (
				"${PODS_ROOT}/Target Support Files/Pods-RSS/Pods-RSS-frameworks-${CONFIGURATION}-output-files.xcfilelist",
			);
			runOnlyForDeploymentPostprocessing = 0;
			shellPath = /bin/sh;
			shellScript = "\"${PODS_ROOT}/Target Support Files/Pods-RSS/Pods-RSS-frameworks.sh\"\n";
			showEnvVarsInLog = 0;
		};
		E749B9D5615A08F236183E0D /* [CP] Check Pods Manifest.lock */ = {
			isa = PBXShellScriptBuildPhase;
			buildActionMask = 2147483647;
			files = (
			);
			inputFileListPaths = (
			);
			inputPaths = (
				"${PODS_PODFILE_DIR_PATH}/Podfile.lock",
				"${PODS_ROOT}/Manifest.lock",
			);
			name = "[CP] Check Pods Manifest.lock";
			outputFileListPaths = (
			);
			outputPaths = (
				"$(DERIVED_FILE_DIR)/Pods-RSS-checkManifestLockResult.txt",
			);
			runOnlyForDeploymentPostprocessing = 0;
			shellPath = /bin/sh;
			shellScript = "diff \"${PODS_PODFILE_DIR_PATH}/Podfile.lock\" \"${PODS_ROOT}/Manifest.lock\" > /dev/null\nif [ $? != 0 ] ; then\n    # print error to STDERR\n    echo \"error: The sandbox is not in sync with the Podfile.lock. Run 'pod install' or update your CocoaPods installation.\" >&2\n    exit 1\nfi\n# This output is used by Xcode 'outputs' to avoid re-running this script phase.\necho \"SUCCESS\" > \"${SCRIPT_OUTPUT_FILE_0}\"\n";
			showEnvVarsInLog = 0;
		};
/* End PBXShellScriptBuildPhase section */

/* Begin PBXSourcesBuildPhase section */
		05CBC554286722E400381BEF /* Sources */ = {
			isa = PBXSourcesBuildPhase;
			buildActionMask = 2147483647;
			files = (
				05B009BC29910378008E622E /* NewsFeedRoute.swift in Sources */,
				05B009B5299101A8008E622E /* TransitionProtocol.swift in Sources */,
				05B009AF29910114008E622E /* EmptyTransition.swift in Sources */,
				05B009E22993C17E008E622E /* NewsModel.swift in Sources */,
				05B009DC29939D9A008E622E /* LaterNewsRoute.swift in Sources */,
				05B009D429937708008E622E /* HeaderColletionView.swift in Sources */,
				05B009AD299100FF008E622E /* ModalTransition.swift in Sources */,
				05B009B12991012D008E622E /* PushTransition.swift in Sources */,
				05B009CE29926A98008E622E /* ContainerVC.swift in Sources */,
				05B009B829910353008E622E /* NewsFeedVC.swift in Sources */,
				05B009D029936FEC008E622E /* FavoriteNewsViewModel.swift in Sources */,
				05B009E52993C5CF008E622E /* APIcallers.swift in Sources */,
				05B009DF2993BC46008E622E /* NavigationBarTitle+extension.swift in Sources */,
				05CBC560286722E400381BEF /* ViewController.swift in Sources */,
				05CBC55C286722E400381BEF /* AppDelegate.swift in Sources */,
				05B009BA29910367008E622E /* NewsFeedViewModel.swift in Sources */,
				05B009D629939766008E622E /* NewsVCProtocol.swift in Sources */,
				05B009AB299100E6008E622E /* RouterProtocol.swift in Sources */,
				05B009CC29926A20008E622E /* FavoriteNewsVC.swift in Sources */,
				05CBC55E286722E400381BEF /* SceneDelegate.swift in Sources */,
				05B009972990F69C008E622E /* Constants.swift in Sources */,
				05B009C629925F4F008E622E /* SideMenuProtocol.swift in Sources */,
				05B009E72994E367008E622E /* ColletionViewCellTappedProtocol.swift in Sources */,
				05B009D229936FFA008E622E /* FavoriteNewsRoute.swift in Sources */,
				05B009C829926A02008E622E /* SubscriptionVC.swift in Sources */,
				05B009DA29939D8A008E622E /* LaterNewsViewModel.swift in Sources */,
				05B009CA29926A10008E622E /* LaterNewsVC.swift in Sources */,
				05B009C0299119F0008E622E /* CustomCell.swift in Sources */,
				05B009B32991014F008E622E /* MainRouter.swift in Sources */,
			);
			runOnlyForDeploymentPostprocessing = 0;
		};
/* End PBXSourcesBuildPhase section */

/* Begin PBXVariantGroup section */
		05CBC561286722E400381BEF /* Main.storyboard */ = {
			isa = PBXVariantGroup;
			children = (
				05CBC562286722E400381BEF /* Base */,
			);
			name = Main.storyboard;
			sourceTree = "<group>";
		};
		05CBC566286722E800381BEF /* LaunchScreen.storyboard */ = {
			isa = PBXVariantGroup;
			children = (
				05CBC567286722E800381BEF /* Base */,
			);
			name = LaunchScreen.storyboard;
			sourceTree = "<group>";
		};
/* End PBXVariantGroup section */

/* Begin XCBuildConfiguration section */
		05CBC56A286722E800381BEF /* Debug */ = {
			isa = XCBuildConfiguration;
			buildSettings = {
				ALWAYS_SEARCH_USER_PATHS = NO;
				CLANG_ANALYZER_NONNULL = YES;
				CLANG_ANALYZER_NUMBER_OBJECT_CONVERSION = YES_AGGRESSIVE;
				CLANG_CXX_LANGUAGE_STANDARD = "gnu++17";
				CLANG_CXX_LIBRARY = "libc++";
				CLANG_ENABLE_MODULES = YES;
				CLANG_ENABLE_OBJC_ARC = YES;
				CLANG_ENABLE_OBJC_WEAK = YES;
				CLANG_WARN_BLOCK_CAPTURE_AUTORELEASING = YES;
				CLANG_WARN_BOOL_CONVERSION = YES;
				CLANG_WARN_COMMA = YES;
				CLANG_WARN_CONSTANT_CONVERSION = YES;
				CLANG_WARN_DEPRECATED_OBJC_IMPLEMENTATIONS = YES;
				CLANG_WARN_DIRECT_OBJC_ISA_USAGE = YES_ERROR;
				CLANG_WARN_DOCUMENTATION_COMMENTS = YES;
				CLANG_WARN_EMPTY_BODY = YES;
				CLANG_WARN_ENUM_CONVERSION = YES;
				CLANG_WARN_INFINITE_RECURSION = YES;
				CLANG_WARN_INT_CONVERSION = YES;
				CLANG_WARN_NON_LITERAL_NULL_CONVERSION = YES;
				CLANG_WARN_OBJC_IMPLICIT_RETAIN_SELF = YES;
				CLANG_WARN_OBJC_LITERAL_CONVERSION = YES;
				CLANG_WARN_OBJC_ROOT_CLASS = YES_ERROR;
				CLANG_WARN_QUOTED_INCLUDE_IN_FRAMEWORK_HEADER = YES;
				CLANG_WARN_RANGE_LOOP_ANALYSIS = YES;
				CLANG_WARN_STRICT_PROTOTYPES = YES;
				CLANG_WARN_SUSPICIOUS_MOVE = YES;
				CLANG_WARN_UNGUARDED_AVAILABILITY = YES_AGGRESSIVE;
				CLANG_WARN_UNREACHABLE_CODE = YES;
				CLANG_WARN__DUPLICATE_METHOD_MATCH = YES;
				COPY_PHASE_STRIP = NO;
				DEBUG_INFORMATION_FORMAT = dwarf;
				ENABLE_STRICT_OBJC_MSGSEND = YES;
				ENABLE_TESTABILITY = YES;
				GCC_C_LANGUAGE_STANDARD = gnu11;
				GCC_DYNAMIC_NO_PIC = NO;
				GCC_NO_COMMON_BLOCKS = YES;
				GCC_OPTIMIZATION_LEVEL = 0;
				GCC_PREPROCESSOR_DEFINITIONS = (
					"DEBUG=1",
					"$(inherited)",
				);
				GCC_WARN_64_TO_32_BIT_CONVERSION = YES;
				GCC_WARN_ABOUT_RETURN_TYPE = YES_ERROR;
				GCC_WARN_UNDECLARED_SELECTOR = YES;
				GCC_WARN_UNINITIALIZED_AUTOS = YES_AGGRESSIVE;
				GCC_WARN_UNUSED_FUNCTION = YES;
				GCC_WARN_UNUSED_VARIABLE = YES;
				IPHONEOS_DEPLOYMENT_TARGET = 15.2;
				MTL_ENABLE_DEBUG_INFO = INCLUDE_SOURCE;
				MTL_FAST_MATH = YES;
				ONLY_ACTIVE_ARCH = YES;
				SDKROOT = iphoneos;
				SWIFT_ACTIVE_COMPILATION_CONDITIONS = DEBUG;
				SWIFT_OPTIMIZATION_LEVEL = "-Onone";
			};
			name = Debug;
		};
		05CBC56B286722E800381BEF /* Release */ = {
			isa = XCBuildConfiguration;
			buildSettings = {
				ALWAYS_SEARCH_USER_PATHS = NO;
				CLANG_ANALYZER_NONNULL = YES;
				CLANG_ANALYZER_NUMBER_OBJECT_CONVERSION = YES_AGGRESSIVE;
				CLANG_CXX_LANGUAGE_STANDARD = "gnu++17";
				CLANG_CXX_LIBRARY = "libc++";
				CLANG_ENABLE_MODULES = YES;
				CLANG_ENABLE_OBJC_ARC = YES;
				CLANG_ENABLE_OBJC_WEAK = YES;
				CLANG_WARN_BLOCK_CAPTURE_AUTORELEASING = YES;
				CLANG_WARN_BOOL_CONVERSION = YES;
				CLANG_WARN_COMMA = YES;
				CLANG_WARN_CONSTANT_CONVERSION = YES;
				CLANG_WARN_DEPRECATED_OBJC_IMPLEMENTATIONS = YES;
				CLANG_WARN_DIRECT_OBJC_ISA_USAGE = YES_ERROR;
				CLANG_WARN_DOCUMENTATION_COMMENTS = YES;
				CLANG_WARN_EMPTY_BODY = YES;
				CLANG_WARN_ENUM_CONVERSION = YES;
				CLANG_WARN_INFINITE_RECURSION = YES;
				CLANG_WARN_INT_CONVERSION = YES;
				CLANG_WARN_NON_LITERAL_NULL_CONVERSION = YES;
				CLANG_WARN_OBJC_IMPLICIT_RETAIN_SELF = YES;
				CLANG_WARN_OBJC_LITERAL_CONVERSION = YES;
				CLANG_WARN_OBJC_ROOT_CLASS = YES_ERROR;
				CLANG_WARN_QUOTED_INCLUDE_IN_FRAMEWORK_HEADER = YES;
				CLANG_WARN_RANGE_LOOP_ANALYSIS = YES;
				CLANG_WARN_STRICT_PROTOTYPES = YES;
				CLANG_WARN_SUSPICIOUS_MOVE = YES;
				CLANG_WARN_UNGUARDED_AVAILABILITY = YES_AGGRESSIVE;
				CLANG_WARN_UNREACHABLE_CODE = YES;
				CLANG_WARN__DUPLICATE_METHOD_MATCH = YES;
				COPY_PHASE_STRIP = NO;
				DEBUG_INFORMATION_FORMAT = "dwarf-with-dsym";
				ENABLE_NS_ASSERTIONS = NO;
				ENABLE_STRICT_OBJC_MSGSEND = YES;
				GCC_C_LANGUAGE_STANDARD = gnu11;
				GCC_NO_COMMON_BLOCKS = YES;
				GCC_WARN_64_TO_32_BIT_CONVERSION = YES;
				GCC_WARN_ABOUT_RETURN_TYPE = YES_ERROR;
				GCC_WARN_UNDECLARED_SELECTOR = YES;
				GCC_WARN_UNINITIALIZED_AUTOS = YES_AGGRESSIVE;
				GCC_WARN_UNUSED_FUNCTION = YES;
				GCC_WARN_UNUSED_VARIABLE = YES;
				IPHONEOS_DEPLOYMENT_TARGET = 15.2;
				MTL_ENABLE_DEBUG_INFO = NO;
				MTL_FAST_MATH = YES;
				SDKROOT = iphoneos;
				SWIFT_COMPILATION_MODE = wholemodule;
				SWIFT_OPTIMIZATION_LEVEL = "-O";
				VALIDATE_PRODUCT = YES;
			};
			name = Release;
		};
		05CBC56D286722E800381BEF /* Debug */ = {
			isa = XCBuildConfiguration;
			baseConfigurationReference = 350437AB9B463612B1EA472A /* Pods-RSS.debug.xcconfig */;
			buildSettings = {
				ASSETCATALOG_COMPILER_APPICON_NAME = AppIcon;
				ASSETCATALOG_COMPILER_GLOBAL_ACCENT_COLOR_NAME = AccentColor;
				CODE_SIGN_STYLE = Automatic;
				CURRENT_PROJECT_VERSION = 1;
				GENERATE_INFOPLIST_FILE = YES;
				INFOPLIST_FILE = RSS/Info.plist;
				INFOPLIST_KEY_UIApplicationSupportsIndirectInputEvents = YES;
				INFOPLIST_KEY_UILaunchStoryboardName = LaunchScreen;
				INFOPLIST_KEY_UISupportedInterfaceOrientations_iPad = "UIInterfaceOrientationPortrait UIInterfaceOrientationPortraitUpsideDown UIInterfaceOrientationLandscapeLeft UIInterfaceOrientationLandscapeRight";
				INFOPLIST_KEY_UISupportedInterfaceOrientations_iPhone = "UIInterfaceOrientationPortrait UIInterfaceOrientationLandscapeLeft UIInterfaceOrientationLandscapeRight";
				LD_RUNPATH_SEARCH_PATHS = (
					"$(inherited)",
					"@executable_path/Frameworks",
				);
				MARKETING_VERSION = 1.0;
				PRODUCT_BUNDLE_IDENTIFIER = Nor1.RSS;
				PRODUCT_NAME = "$(TARGET_NAME)";
				SWIFT_EMIT_LOC_STRINGS = YES;
				SWIFT_VERSION = 5.0;
				TARGETED_DEVICE_FAMILY = "1,2";
			};
			name = Debug;
		};
		05CBC56E286722E800381BEF /* Release */ = {
			isa = XCBuildConfiguration;
			baseConfigurationReference = 0F3906B68ADE7363E36F0892 /* Pods-RSS.release.xcconfig */;
			buildSettings = {
				ASSETCATALOG_COMPILER_APPICON_NAME = AppIcon;
				ASSETCATALOG_COMPILER_GLOBAL_ACCENT_COLOR_NAME = AccentColor;
				CODE_SIGN_STYLE = Automatic;
				CURRENT_PROJECT_VERSION = 1;
				GENERATE_INFOPLIST_FILE = YES;
				INFOPLIST_FILE = RSS/Info.plist;
				INFOPLIST_KEY_UIApplicationSupportsIndirectInputEvents = YES;
				INFOPLIST_KEY_UILaunchStoryboardName = LaunchScreen;
				INFOPLIST_KEY_UISupportedInterfaceOrientations_iPad = "UIInterfaceOrientationPortrait UIInterfaceOrientationPortraitUpsideDown UIInterfaceOrientationLandscapeLeft UIInterfaceOrientationLandscapeRight";
				INFOPLIST_KEY_UISupportedInterfaceOrientations_iPhone = "UIInterfaceOrientationPortrait UIInterfaceOrientationLandscapeLeft UIInterfaceOrientationLandscapeRight";
				LD_RUNPATH_SEARCH_PATHS = (
					"$(inherited)",
					"@executable_path/Frameworks",
				);
				MARKETING_VERSION = 1.0;
				PRODUCT_BUNDLE_IDENTIFIER = Nor1.RSS;
				PRODUCT_NAME = "$(TARGET_NAME)";
				SWIFT_EMIT_LOC_STRINGS = YES;
				SWIFT_VERSION = 5.0;
				TARGETED_DEVICE_FAMILY = "1,2";
			};
			name = Release;
		};
/* End XCBuildConfiguration section */

/* Begin XCConfigurationList section */
		05CBC553286722E400381BEF /* Build configuration list for PBXProject "RSS" */ = {
			isa = XCConfigurationList;
			buildConfigurations = (
				05CBC56A286722E800381BEF /* Debug */,
				05CBC56B286722E800381BEF /* Release */,
			);
			defaultConfigurationIsVisible = 0;
			defaultConfigurationName = Release;
		};
		05CBC56C286722E800381BEF /* Build configuration list for PBXNativeTarget "RSS" */ = {
			isa = XCConfigurationList;
			buildConfigurations = (
				05CBC56D286722E800381BEF /* Debug */,
				05CBC56E286722E800381BEF /* Release */,
			);
			defaultConfigurationIsVisible = 0;
			defaultConfigurationName = Release;
		};
/* End XCConfigurationList section */
	};
	rootObject = 05CBC550286722E400381BEF /* Project object */;
}
